
Microsoft Visual Studio Solution File, Format Version 12.00
# Visual Studio Version 17
VisualStudioVersion = 17.4.33213.308
MinimumVisualStudioVersion = 10.0.40219.1
Project("{FAE04EC0-301F-11D3-BF4B-00C04F79EFBC}") = "OcIcQualityParameter", "OcIcQualityParameter\OcIcQualityParameter.csproj", "{1E25AAC9-B84E-425F-ACC6-169B37F9027F}"
EndProject
Global
	GlobalSection(SolutionConfigurationPlatforms) = preSolution
		Debug|Any CPU = Debug|Any CPU
		Release|Any CPU = Release|Any CPU
	EndGlobalSection
	GlobalSection(ProjectConfigurationPlatforms) = postSolution
		{1E25AAC9-B84E-425F-ACC6-169B37F9027F}.Debug|Any CPU.ActiveCfg = Debug|Any CPU
		{1E25AAC9-B84E-425F-ACC6-169B37F9027F}.Debug|Any CPU.Build.0 = Debug|Any CPU
		{1E25AAC9-B84E-425F-ACC6-169B37F9027F}.Release|Any CPU.ActiveCfg = Release|Any CPU
		{1E25AAC9-B84E-425F-ACC6-169B37F9027F}.Release|Any CPU.Build.0 = Release|Any CPU
	EndGlobalSection
	GlobalSection(SolutionProperties) = preSolution
		HideSolutionNode = FALSE
	EndGlobalSection
	GlobalSection(ExtensibilityGlobals) = postSolution
		SolutionGuid = {546F4A2B-C066-4BC0-B28D-D937FF1B7D4C}
	EndGlobalSection
EndGlobal
